
Microsoft Visual Studio Solution File, Format Version 12.00
# Visual Studio Version 16
VisualStudioVersion = 16.0.30804.86
MinimumVisualStudioVersion = 10.0.40219.1
Project("{9A19103F-16F7-4668-BE54-9A1E7A4F7556}") = "WebApplication1", "WebApplication1\WebApplication1.csproj", "{C1452032-EBF0-49D9-A144-A54390524F46}"
EndProject
Project("{FAE04EC0-301F-11D3-BF4B-00C04F79EFBC}") = "Models", "Models\Models.csproj", "{3596F0CD-787C-4302-9EF8-9DC1274E743C}"
EndProject
Global
	GlobalSection(SolutionConfigurationPlatforms) = preSolution
		Debug|Any CPU = Debug|Any CPU
		Release|Any CPU = Release|Any CPU
	EndGlobalSection
	GlobalSection(ProjectConfigurationPlatforms) = postSolution
		{C1452032-EBF0-49D9-A144-A54390524F46}.Debug|Any CPU.ActiveCfg = Debug|Any CPU
		{C1452032-EBF0-49D9-A144-A54390524F46}.Debug|Any CPU.Build.0 = Debug|Any CPU
		{C1452032-EBF0-49D9-A144-A54390524F46}.Release|Any CPU.ActiveCfg = Release|Any CPU
		{C1452032-EBF0-49D9-A144-A54390524F46}.Release|Any CPU.Build.0 = Release|Any CPU
		{3596F0CD-787C-4302-9EF8-9DC1274E743C}.Debug|Any CPU.ActiveCfg = Debug|Any CPU
		{3596F0CD-787C-4302-9EF8-9DC1274E743C}.Debug|Any CPU.Build.0 = Debug|Any CPU
		{3596F0CD-787C-4302-9EF8-9DC1274E743C}.Release|Any CPU.ActiveCfg = Release|Any CPU
		{3596F0CD-787C-4302-9EF8-9DC1274E743C}.Release|Any CPU.Build.0 = Release|Any CPU
	EndGlobalSection
	GlobalSection(SolutionProperties) = preSolution
		HideSolutionNode = FALSE
	EndGlobalSection
	GlobalSection(ExtensibilityGlobals) = postSolution
		SolutionGuid = {D76DC812-3B64-4F0D-805B-BED438A240D9}
	EndGlobalSection
EndGlobal
